
Microsoft Visual Studio Solution File, Format Version 12.00
# Visual Studio Version 17
VisualStudioVersion = 17.10.35004.147
MinimumVisualStudioVersion = 10.0.40219.1
Project("{9A19103F-16F7-4668-BE54-9A1E7A4F7556}") = "ECommerce", "ECommerce\ECommerce.csproj", "{CCF0EF70-B1C6-471C-93CE-13BC6DAC0F6D}"
EndProject
Project("{9A19103F-16F7-4668-BE54-9A1E7A4F7556}") = "ECommerce.Service", "ECommerce.Service\ECommerce.Service.csproj", "{36A08A60-9E1C-4D4D-81DD-0B9D221A03B1}"
EndProject
Project("{2150E333-8FDC-42A3-9474-1A3956D46DE8}") = "Solution Items", "Solution Items", "{D3D477FD-85F7-407D-9403-E9734B3BC8B8}"
	ProjectSection(SolutionItems) = preProject
		.env = .env
		docker-compose.yml = docker-compose.yml
	EndProjectSection
EndProject
Global
	GlobalSection(SolutionConfigurationPlatforms) = preSolution
		Debug|Any CPU = Debug|Any CPU
		Release|Any CPU = Release|Any CPU
	EndGlobalSection
	GlobalSection(ProjectConfigurationPlatforms) = postSolution
		{CCF0EF70-B1C6-471C-93CE-13BC6DAC0F6D}.Debug|Any CPU.ActiveCfg = Debug|Any CPU
		{CCF0EF70-B1C6-471C-93CE-13BC6DAC0F6D}.Debug|Any CPU.Build.0 = Debug|Any CPU
		{CCF0EF70-B1C6-471C-93CE-13BC6DAC0F6D}.Release|Any CPU.ActiveCfg = Release|Any CPU
		{CCF0EF70-B1C6-471C-93CE-13BC6DAC0F6D}.Release|Any CPU.Build.0 = Release|Any CPU
		{36A08A60-9E1C-4D4D-81DD-0B9D221A03B1}.Debug|Any CPU.ActiveCfg = Debug|Any CPU
		{36A08A60-9E1C-4D4D-81DD-0B9D221A03B1}.Debug|Any CPU.Build.0 = Debug|Any CPU
		{36A08A60-9E1C-4D4D-81DD-0B9D221A03B1}.Release|Any CPU.ActiveCfg = Release|Any CPU
		{36A08A60-9E1C-4D4D-81DD-0B9D221A03B1}.Release|Any CPU.Build.0 = Release|Any CPU
	EndGlobalSection
	GlobalSection(SolutionProperties) = preSolution
		HideSolutionNode = FALSE
	EndGlobalSection
	GlobalSection(ExtensibilityGlobals) = postSolution
		SolutionGuid = {611AA415-C2CD-490A-BECF-5EB0C97BD39E}
	EndGlobalSection
EndGlobal
